
Microsoft Visual Studio Solution File, Format Version 12.00
# Visual Studio Version 17
VisualStudioVersion = 17.8.34316.72
MinimumVisualStudioVersion = 10.0.40219.1
Project("{FAE04EC0-301F-11D3-BF4B-00C04F79EFBC}") = "SignaIR", "SignaIR\SignaIR.csproj", "{CEFE6021-94A5-477E-BE6F-AF1F764662CC}"
EndProject
Global
	GlobalSection(SolutionConfigurationPlatforms) = preSolution
		Debug|Any CPU = Debug|Any CPU
		Release|Any CPU = Release|Any CPU
	EndGlobalSection
	GlobalSection(ProjectConfigurationPlatforms) = postSolution
		{CEFE6021-94A5-477E-BE6F-AF1F764662CC}.Debug|Any CPU.ActiveCfg = Debug|Any CPU
		{CEFE6021-94A5-477E-BE6F-AF1F764662CC}.Debug|Any CPU.Build.0 = Debug|Any CPU
		{CEFE6021-94A5-477E-BE6F-AF1F764662CC}.Release|Any CPU.ActiveCfg = Release|Any CPU
		{CEFE6021-94A5-477E-BE6F-AF1F764662CC}.Release|Any CPU.Build.0 = Release|Any CPU
	EndGlobalSection
	GlobalSection(SolutionProperties) = preSolution
		HideSolutionNode = FALSE
	EndGlobalSection
	GlobalSection(ExtensibilityGlobals) = postSolution
		SolutionGuid = {69C5A934-100A-45CD-B3BD-C7AF26BBC669}
	EndGlobalSection
EndGlobal
